
Microsoft Visual Studio Solution File, Format Version 12.00
# Visual Studio Version 17
VisualStudioVersion = 17.9.34723.18
MinimumVisualStudioVersion = 10.0.40219.1
Project("{FAE04EC0-301F-11D3-BF4B-00C04F79EFBC}") = "MauiTabbed", "MauiTabbed\MauiTabbed.csproj", "{51D11732-EC15-41BF-B82E-C48B1EFCE6F8}"
EndProject
Global
	GlobalSection(SolutionConfigurationPlatforms) = preSolution
		Debug|Any CPU = Debug|Any CPU
		Release|Any CPU = Release|Any CPU
	EndGlobalSection
	GlobalSection(ProjectConfigurationPlatforms) = postSolution
		{51D11732-EC15-41BF-B82E-C48B1EFCE6F8}.Debug|Any CPU.ActiveCfg = Debug|Any CPU
		{51D11732-EC15-41BF-B82E-C48B1EFCE6F8}.Debug|Any CPU.Build.0 = Debug|Any CPU
		{51D11732-EC15-41BF-B82E-C48B1EFCE6F8}.Debug|Any CPU.Deploy.0 = Debug|Any CPU
		{51D11732-EC15-41BF-B82E-C48B1EFCE6F8}.Release|Any CPU.ActiveCfg = Release|Any CPU
		{51D11732-EC15-41BF-B82E-C48B1EFCE6F8}.Release|Any CPU.Build.0 = Release|Any CPU
		{51D11732-EC15-41BF-B82E-C48B1EFCE6F8}.Release|Any CPU.Deploy.0 = Release|Any CPU
	EndGlobalSection
	GlobalSection(SolutionProperties) = preSolution
		HideSolutionNode = FALSE
	EndGlobalSection
	GlobalSection(ExtensibilityGlobals) = postSolution
		SolutionGuid = {B9230BFF-B4BB-4EA3-9CAB-50ED71484BA5}
	EndGlobalSection
EndGlobal
